<?xml version="1.0" encoding="UTF-8" standalone="yes" ?>
<CodeBlocks_project_file>
	<FileVersion major="1" minor="6" />
	<Project>
		<Option title="ED2_atualizado" />
		<Option pch_mode="2" />
		<Option compiler="gcc" />
		<Build>
			<Target title="Debug">
				<Option output="bin/Debug/ED2_atualizado" prefix_auto="1" extension_auto="1" />
				<Option object_output="obj/Debug/" />
				<Option type="1" />
				<Option compiler="gcc" />
				<Compiler>
					<Add option="-g" />
				</Compiler>
			</Target>
			<Target title="Release">
				<Option output="bin/Release/ED2_atualizado" prefix_auto="1" extension_auto="1" />
				<Option object_output="obj/Release/" />
				<Option type="1" />
				<Option compiler="gcc" />
				<Compiler>
					<Add option="-O2" />
				</Compiler>
				<Linker>
					<Add option="-s" />
				</Linker>
			</Target>
		</Build>
		<Compiler>
			<Add option="-Wall" />
			<Add option="-fexceptions" />
		</Compiler>
		<Unit filename="Data.cpp" />
		<Unit filename="Data.h" />
		<Unit filename="FilaCont.cpp" />
		<Unit filename="FilaCont.h" />
		<Unit filename="Hash.cpp" />
		<Unit filename="Hash.h" />
		<Unit filename="HashAnswer.cpp" />
		<Unit filename="HashAnswer.h" />
		<Unit filename="HashBuscaAnswer.cpp" />
		<Unit filename="HashBuscaAnswer.h" />
		<Unit filename="HashCoalescido.cpp" />
		<Unit filename="HashCoalescido.h" />
		<Unit filename="HashEncad.cpp" />
		<Unit filename="HashEncad.h" />
		<Unit filename="HashInt.cpp" />
		<Unit filename="HashInt.h" />
		<Unit filename="HashString.cpp" />
		<Unit filename="HashString.h" />
		<Unit filename="HashTag.cpp" />
		<Unit filename="HashTag.h" />
		<Unit filename="HashTagBusca.cpp" />
		<Unit filename="HashTagBusca.h" />
		<Unit filename="HeapSort.cpp" />
		<Unit filename="HeapSort.h" />
		<Unit filename="No.cpp" />
		<Unit filename="No.h" />
		<Unit filename="PT1_Cenario1.h" />
		<Unit filename="PT1_Cenario2.h" />
		<Unit filename="PT1_Cenario3.h" />
		<Unit filename="PT1_Cenario_1.cpp" />
		<Unit filename="PT1_Cenario_2.cpp" />
		<Unit filename="PT1_Cenario_3.cpp" />
		<Unit filename="PT1_Cenario_4.cpp" />
		<Unit filename="Tags.cpp" />
		<Unit filename="Tags.h" />
		<Unit filename="answer.cpp" />
		<Unit filename="answer.h" />
		<Unit filename="heapSorte.h" />
		<Unit filename="leitura.cpp" />
		<Unit filename="leitura.h" />
		<Unit filename="leitura3.cpp" />
		<Unit filename="leitura3.h" />
		<Unit filename="leitura_parte_2.cpp" />
		<Unit filename="merge.cpp" />
		<Unit filename="merge.h" />
		<Unit filename="parte1.cpp" />
		<Unit filename="quickSort1.h" />
		<Unit filename="quickSort2.cpp" />
		<Unit filename="quickSort2.h" />
		<Unit filename="quickSort3.h" />
		<Unit filename="quicksort1.cpp" />
		<Unit filename="quicksort3.cpp" />
		<Unit filename="radixSort.cpp" />
		<Unit filename="radixSort.h" />
		<Extensions>
			<code_completion />
			<debugger />
			<envvars />
		</Extensions>
	</Project>
</CodeBlocks_project_file>
